
Microsoft Visual Studio Solution File, Format Version 12.00
# Visual Studio Version 17
VisualStudioVersion = 17.8.34525.116
MinimumVisualStudioVersion = 10.0.40219.1
Project("{9A19103F-16F7-4668-BE54-9A1E7A4F7556}") = "Joshuawebapp", "Joshuawebapp\Joshuawebapp.csproj", "{ABA8A9C8-2983-43CD-AB9A-35FE9ED42FC8}"
EndProject
Global
	GlobalSection(SolutionConfigurationPlatforms) = preSolution
		Debug|Any CPU = Debug|Any CPU
		Release|Any CPU = Release|Any CPU
	EndGlobalSection
	GlobalSection(ProjectConfigurationPlatforms) = postSolution
		{ABA8A9C8-2983-43CD-AB9A-35FE9ED42FC8}.Debug|Any CPU.ActiveCfg = Debug|Any CPU
		{ABA8A9C8-2983-43CD-AB9A-35FE9ED42FC8}.Debug|Any CPU.Build.0 = Debug|Any CPU
		{ABA8A9C8-2983-43CD-AB9A-35FE9ED42FC8}.Release|Any CPU.ActiveCfg = Release|Any CPU
		{ABA8A9C8-2983-43CD-AB9A-35FE9ED42FC8}.Release|Any CPU.Build.0 = Release|Any CPU
	EndGlobalSection
	GlobalSection(SolutionProperties) = preSolution
		HideSolutionNode = FALSE
	EndGlobalSection
	GlobalSection(ExtensibilityGlobals) = postSolution
		SolutionGuid = {58AE291E-40E1-43AB-B44B-011D1BF5BEAB}
	EndGlobalSection
EndGlobal
